// !$*UTF8*$!
{
	archiveVersion = 1;
	classes = {
	};
	objectVersion = 46;
	objects = {

/* Begin PBXBuildFile section */
		03604650D7F0EFA9458B10A1 /* libPods-ASDKTest.a in Frameworks */ = {isa = PBXBuildFile; fileRef = 332443F8FAAACBD150446B4A /* libPods-ASDKTest.a */; };
		986F55C51D01A0EF0095B6F4 /* AppDelegate.swift in Sources */ = {isa = PBXBuildFile; fileRef = 986F55C41D01A0EF0095B6F4 /* AppDelegate.swift */; };
		986F55CC1D01A0EF0095B6F4 /* Assets.xcassets in Resources */ = {isa = PBXBuildFile; fileRef = 986F55CB1D01A0EF0095B6F4 /* Assets.xcassets */; };
		986F55CF1D01A0EF0095B6F4 /* LaunchScreen.storyboard in Resources */ = {isa = PBXBuildFile; fileRef = 986F55CD1D01A0EF0095B6F4 /* LaunchScreen.storyboard */; };
		986F55D71D01AC8F0095B6F4 /* ViewController.swift in Sources */ = {isa = PBXBuildFile; fileRef = 986F55D61D01AC8F0095B6F4 /* ViewController.swift */; };
		986F55DA1D01AE7C0095B6F4 /* MainNode.swift in Sources */ = {isa = PBXBuildFile; fileRef = 986F55D91D01AE7C0095B6F4 /* MainNode.swift */; };
/* End PBXBuildFile section */

/* Begin PBXFileReference section */
		3014279449A2824390B71CE5 /* Pods-ASDKTest.debug.xcconfig */ = {isa = PBXFileReference; includeInIndex = 1; lastKnownFileType = text.xcconfig; name = "Pods-ASDKTest.debug.xcconfig"; path = "Pods/Target Support Files/Pods-ASDKTest/Pods-ASDKTest.debug.xcconfig"; sourceTree = "<group>"; };
		332443F8FAAACBD150446B4A /* libPods-ASDKTest.a */ = {isa = PBXFileReference; explicitFileType = archive.ar; includeInIndex = 0; path = "libPods-ASDKTest.a"; sourceTree = BUILT_PRODUCTS_DIR; };
		986F55C11D01A0EF0095B6F4 /* ASDKTest.app */ = {isa = PBXFileReference; explicitFileType = wrapper.application; includeInIndex = 0; path = ASDKTest.app; sourceTree = BUILT_PRODUCTS_DIR; };
		986F55C41D01A0EF0095B6F4 /* AppDelegate.swift */ = {isa = PBXFileReference; lastKnownFileType = sourcecode.swift; path = AppDelegate.swift; sourceTree = "<group>"; };
		986F55CB1D01A0EF0095B6F4 /* Assets.xcassets */ = {isa = PBXFileReference; lastKnownFileType = folder.assetcatalog; path = Assets.xcassets; sourceTree = "<group>"; };
		986F55CE1D01A0EF0095B6F4 /* Base */ = {isa = PBXFileReference; lastKnownFileType = file.storyboard; name = Base; path = Base.lproj/LaunchScreen.storyboard; sourceTree = "<group>"; };
		986F55D01D01A0EF0095B6F4 /* Info.plist */ = {isa = PBXFileReference; lastKnownFileType = text.plist.xml; path = Info.plist; sourceTree = "<group>"; };
		986F55D61D01AC8F0095B6F4 /* ViewController.swift */ = {isa = PBXFileReference; fileEncoding = 4; lastKnownFileType = sourcecode.swift; path = ViewController.swift; sourceTree = "<group>"; };
		986F55D81D01AD690095B6F4 /* Test-Bridging-Header.h */ = {isa = PBXFileReference; lastKnownFileType = sourcecode.c.h; path = "Test-Bridging-Header.h"; sourceTree = "<group>"; };
		986F55D91D01AE7C0095B6F4 /* MainNode.swift */ = {isa = PBXFileReference; fileEncoding = 4; lastKnownFileType = sourcecode.swift; path = MainNode.swift; sourceTree = "<group>"; };
		DA86E3D05D223F17695A2661 /* Pods-ASDKTest.release.xcconfig */ = {isa = PBXFileReference; includeInIndex = 1; lastKnownFileType = text.xcconfig; name = "Pods-ASDKTest.release.xcconfig"; path = "Pods/Target Support Files/Pods-ASDKTest/Pods-ASDKTest.release.xcconfig"; sourceTree = "<group>"; };
/* End PBXFileReference section */

/* Begin PBXFrameworksBuildPhase section */
		986F55BE1D01A0EF0095B6F4 /* Frameworks */ = {
			isa = PBXFrameworksBuildPhase;
			buildActionMask = 2147483647;
			files = (
				03604650D7F0EFA9458B10A1 /* libPods-ASDKTest.a in Frameworks */,
			);
			runOnlyForDeploymentPostprocessing = 0;
		};
/* End PBXFrameworksBuildPhase section */

/* Begin PBXGroup section */
		986F55B81D01A0EF0095B6F4 = {
			isa = PBXGroup;
			children = (
				986F55C31D01A0EF0095B6F4 /* ASDKTest */,
				986F55C21D01A0EF0095B6F4 /* Products */,
				C60300C74AED032824230AC1 /* Pods */,
				A50D88C59D61D6047BD58AD1 /* Frameworks */,
			);
			sourceTree = "<group>";
		};
		986F55C21D01A0EF0095B6F4 /* Products */ = {
			isa = PBXGroup;
			children = (
				986F55C11D01A0EF0095B6F4 /* ASDKTest.app */,
			);
			name = Products;
			sourceTree = "<group>";
		};
		986F55C31D01A0EF0095B6F4 /* ASDKTest */ = {
			isa = PBXGroup;
			children = (
				986F55C41D01A0EF0095B6F4 /* AppDelegate.swift */,
				986F55CB1D01A0EF0095B6F4 /* Assets.xcassets */,
				986F55CD1D01A0EF0095B6F4 /* LaunchScreen.storyboard */,
				986F55D01D01A0EF0095B6F4 /* Info.plist */,
				986F55D61D01AC8F0095B6F4 /* ViewController.swift */,
				986F55D91D01AE7C0095B6F4 /* MainNode.swift */,
				986F55D81D01AD690095B6F4 /* Test-Bridging-Header.h */,
			);
			path = ASDKTest;
			sourceTree = "<group>";
		};
		A50D88C59D61D6047BD58AD1 /* Frameworks */ = {
			isa = PBXGroup;
			children = (
				332443F8FAAACBD150446B4A /* libPods-ASDKTest.a */,
			);
			name = Frameworks;
			sourceTree = "<group>";
		};
		C60300C74AED032824230AC1 /* Pods */ = {
			isa = PBXGroup;
			children = (
				3014279449A2824390B71CE5 /* Pods-ASDKTest.debug.xcconfig */,
				DA86E3D05D223F17695A2661 /* Pods-ASDKTest.release.xcconfig */,
			);
			name = Pods;
			sourceTree = "<group>";
		};
/* End PBXGroup section */

/* Begin PBXNativeTarget section */
		986F55C01D01A0EF0095B6F4 /* ASDKTest */ = {
			isa = PBXNativeTarget;
			buildConfigurationList = 986F55D31D01A0EF0095B6F4 /* Build configuration list for PBXNativeTarget "ASDKTest" */;
			buildPhases = (
				28060491203EB593B76779E9 /* 📦 Check Pods Manifest.lock */,
				986F55BD1D01A0EF0095B6F4 /* Sources */,
				986F55BE1D01A0EF0095B6F4 /* Frameworks */,
				986F55BF1D01A0EF0095B6F4 /* Resources */,
				1B5AE37740B101DC28B627E2 /* 📦 Embed Pods Frameworks */,
				E64993E84E34E28634DDDD05 /* 📦 Copy Pods Resources */,
			);
			buildRules = (
			);
			dependencies = (
			);
			name = ASDKTest;
			productName = ASDKTest;
			productReference = 986F55C11D01A0EF0095B6F4 /* ASDKTest.app */;
			productType = "com.apple.product-type.application";
		};
/* End PBXNativeTarget section */

/* Begin PBXProject section */
		986F55B91D01A0EF0095B6F4 /* Project object */ = {
			isa = PBXProject;
			attributes = {
				LastSwiftUpdateCheck = 0730;
				LastUpgradeCheck = 0730;
				ORGANIZATIONNAME = test;
				TargetAttributes = {
					986F55C01D01A0EF0095B6F4 = {
						CreatedOnToolsVersion = 7.3.1;
					};
				};
			};
			buildConfigurationList = 986F55BC1D01A0EF0095B6F4 /* Build configuration list for PBXProject "ASDKTest" */;
			compatibilityVersion = "Xcode 3.2";
			developmentRegion = English;
			hasScannedForEncodings = 0;
			knownRegions = (
				en,
				Base,
			);
			mainGroup = 986F55B81D01A0EF0095B6F4;
			productRefGroup = 986F55C21D01A0EF0095B6F4 /* Products */;
			projectDirPath = "";
			projectRoot = "";
			targets = (
				986F55C01D01A0EF0095B6F4 /* ASDKTest */,
			);
		};
/* End PBXProject section */

/* Begin PBXResourcesBuildPhase section */
		986F55BF1D01A0EF0095B6F4 /* Resources */ = {
			isa = PBXResourcesBuildPhase;
			buildActionMask = 2147483647;
			files = (
				986F55CF1D01A0EF0095B6F4 /* LaunchScreen.storyboard in Resources */,
				986F55CC1D01A0EF0095B6F4 /* Assets.xcassets in Resources */,
			);
			runOnlyForDeploymentPostprocessing = 0;
		};
/* End PBXResourcesBuildPhase section */

/* Begin PBXShellScriptBuildPhase section */
		1B5AE37740B101DC28B627E2 /* 📦 Embed Pods Frameworks */ = {
			isa = PBXShellScriptBuildPhase;
			buildActionMask = 2147483647;
			files = (
			);
			inputPaths = (
			);
			name = "📦 Embed Pods Frameworks";
			outputPaths = (
			);
			runOnlyForDeploymentPostprocessing = 0;
			shellPath = /bin/sh;
			shellScript = "\"${SRCROOT}/Pods/Target Support Files/Pods-ASDKTest/Pods-ASDKTest-frameworks.sh\"\n";
			showEnvVarsInLog = 0;
		};
		28060491203EB593B76779E9 /* 📦 Check Pods Manifest.lock */ = {
			isa = PBXShellScriptBuildPhase;
			buildActionMask = 2147483647;
			files = (
			);
			inputPaths = (
			);
			name = "📦 Check Pods Manifest.lock";
			outputPaths = (
			);
			runOnlyForDeploymentPostprocessing = 0;
			shellPath = /bin/sh;
			shellScript = "diff \"${PODS_ROOT}/../Podfile.lock\" \"${PODS_ROOT}/Manifest.lock\" > /dev/null\nif [[ $? != 0 ]] ; then\n    cat << EOM\nerror: The sandbox is not in sync with the Podfile.lock. Run 'pod install' or update your CocoaPods installation.\nEOM\n    exit 1\nfi\n";
			showEnvVarsInLog = 0;
		};
		E64993E84E34E28634DDDD05 /* 📦 Copy Pods Resources */ = {
			isa = PBXShellScriptBuildPhase;
			buildActionMask = 2147483647;
			files = (
			);
			inputPaths = (
			);
			name = "📦 Copy Pods Resources";
			outputPaths = (
			);
			runOnlyForDeploymentPostprocessing = 0;
			shellPath = /bin/sh;
			shellScript = "\"${SRCROOT}/Pods/Target Support Files/Pods-ASDKTest/Pods-ASDKTest-resources.sh\"\n";
			showEnvVarsInLog = 0;
		};
/* End PBXShellScriptBuildPhase section */

/* Begin PBXSourcesBuildPhase section */
		986F55BD1D01A0EF0095B6F4 /* Sources */ = {
			isa = PBXSourcesBuildPhase;
			buildActionMask = 2147483647;
			files = (
				986F55D71D01AC8F0095B6F4 /* ViewController.swift in Sources */,
				986F55DA1D01AE7C0095B6F4 /* MainNode.swift in Sources */,
				986F55C51D01A0EF0095B6F4 /* AppDelegate.swift in Sources */,
			);
			runOnlyForDeploymentPostprocessing = 0;
		};
/* End PBXSourcesBuildPhase section */

/* Begin PBXVariantGroup section */
		986F55CD1D01A0EF0095B6F4 /* LaunchScreen.storyboard */ = {
			isa = PBXVariantGroup;
			children = (
				986F55CE1D01A0EF0095B6F4 /* Base */,
			);
			name = LaunchScreen.storyboard;
			sourceTree = "<group>";
		};
/* End PBXVariantGroup section */

/* Begin XCBuildConfiguration section */
		986F55D11D01A0EF0095B6F4 /* Debug */ = {
			isa = XCBuildConfiguration;
			buildSettings = {
				ALWAYS_SEARCH_USER_PATHS = NO;
				CLANG_ANALYZER_NONNULL = YES;
				CLANG_CXX_LANGUAGE_STANDARD = "gnu++0x";
				CLANG_CXX_LIBRARY = "libc++";
				CLANG_ENABLE_MODULES = YES;
				CLANG_ENABLE_OBJC_ARC = YES;
				CLANG_WARN_BOOL_CONVERSION = YES;
				CLANG_WARN_CONSTANT_CONVERSION = YES;
				CLANG_WARN_DIRECT_OBJC_ISA_USAGE = YES_ERROR;
				CLANG_WARN_EMPTY_BODY = YES;
				CLANG_WARN_ENUM_CONVERSION = YES;
				CLANG_WARN_INT_CONVERSION = YES;
				CLANG_WARN_OBJC_ROOT_CLASS = YES_ERROR;
				CLANG_WARN_UNREACHABLE_CODE = YES;
				CLANG_WARN__DUPLICATE_METHOD_MATCH = YES;
				"CODE_SIGN_IDENTITY[sdk=iphoneos*]" = "iPhone Developer";
				COPY_PHASE_STRIP = NO;
				DEBUG_INFORMATION_FORMAT = dwarf;
				ENABLE_STRICT_OBJC_MSGSEND = YES;
				ENABLE_TESTABILITY = YES;
				GCC_C_LANGUAGE_STANDARD = gnu99;
				GCC_DYNAMIC_NO_PIC = NO;
				GCC_NO_COMMON_BLOCKS = YES;
				GCC_OPTIMIZATION_LEVEL = 0;
				GCC_PREPROCESSOR_DEFINITIONS = (
					"DEBUG=1",
					"$(inherited)",
				);
				GCC_WARN_64_TO_32_BIT_CONVERSION = YES;
				GCC_WARN_ABOUT_RETURN_TYPE = YES_ERROR;
				GCC_WARN_UNDECLARED_SELECTOR = YES;
				GCC_WARN_UNINITIALIZED_AUTOS = YES_AGGRESSIVE;
				GCC_WARN_UNUSED_FUNCTION = YES;
				GCC_WARN_UNUSED_VARIABLE = YES;
				IPHONEOS_DEPLOYMENT_TARGET = 9.3;
				MTL_ENABLE_DEBUG_INFO = YES;
				ONLY_ACTIVE_ARCH = YES;
				SDKROOT = iphoneos;
				SWIFT_OBJC_BRIDGING_HEADER = "/Users/Bartek/Documents/ASDKTest/ASDKTest/Test-Bridging-Header.h";
				SWIFT_OPTIMIZATION_LEVEL = "-Onone";
			};
			name = Debug;
		};
		986F55D21D01A0EF0095B6F4 /* Release */ = {
			isa = XCBuildConfiguration;
			buildSettings = {
				ALWAYS_SEARCH_USER_PATHS = NO;
				CLANG_ANALYZER_NONNULL = YES;
				CLANG_CXX_LANGUAGE_STANDARD = "gnu++0x";
				CLANG_CXX_LIBRARY = "libc++";
				CLANG_ENABLE_MODULES = YES;
				CLANG_ENABLE_OBJC_ARC = YES;
				CLANG_WARN_BOOL_CONVERSION = YES;
				CLANG_WARN_CONSTANT_CONVERSION = YES;
				CLANG_WARN_DIRECT_OBJC_ISA_USAGE = YES_ERROR;
				CLANG_WARN_EMPTY_BODY = YES;
				CLANG_WARN_ENUM_CONVERSION = YES;
				CLANG_WARN_INT_CONVERSION = YES;
				CLANG_WARN_OBJC_ROOT_CLASS = YES_ERROR;
				CLANG_WARN_UNREACHABLE_CODE = YES;
				CLANG_WARN__DUPLICATE_METHOD_MATCH = YES;
				"CODE_SIGN_IDENTITY[sdk=iphoneos*]" = "iPhone Developer";
				COPY_PHASE_STRIP = NO;
				DEBUG_INFORMATION_FORMAT = "dwarf-with-dsym";
				ENABLE_NS_ASSERTIONS = NO;
				ENABLE_STRICT_OBJC_MSGSEND = YES;
				GCC_C_LANGUAGE_STANDARD = gnu99;
				GCC_NO_COMMON_BLOCKS = YES;
				GCC_WARN_64_TO_32_BIT_CONVERSION = YES;
				GCC_WARN_ABOUT_RETURN_TYPE = YES_ERROR;
				GCC_WARN_UNDECLARED_SELECTOR = YES;
				GCC_WARN_UNINITIALIZED_AUTOS = YES_AGGRESSIVE;
				GCC_WARN_UNUSED_FUNCTION = YES;
				GCC_WARN_UNUSED_VARIABLE = YES;
				IPHONEOS_DEPLOYMENT_TARGET = 9.3;
				MTL_ENABLE_DEBUG_INFO = NO;
				SDKROOT = iphoneos;
				SWIFT_OBJC_BRIDGING_HEADER = "/Users/Bartek/Documents/ASDKTest/ASDKTest/Test-Bridging-Header.h";
				VALIDATE_PRODUCT = YES;
			};
			name = Release;
		};
		986F55D41D01A0EF0095B6F4 /* Debug */ = {
			isa = XCBuildConfiguration;
			baseConfigurationReference = 3014279449A2824390B71CE5 /* Pods-ASDKTest.debug.xcconfig */;
			buildSettings = {
				ASSETCATALOG_COMPILER_APPICON_NAME = AppIcon;
				INFOPLIST_FILE = ASDKTest/Info.plist;
				LD_RUNPATH_SEARCH_PATHS = "$(inherited) @executable_path/Frameworks";
				PRODUCT_BUNDLE_IDENTIFIER = com.test.ASDKTest;
				PRODUCT_NAME = "$(TARGET_NAME)";
			};
			name = Debug;
		};
		986F55D51D01A0EF0095B6F4 /* Release */ = {
			isa = XCBuildConfiguration;
			baseConfigurationReference = DA86E3D05D223F17695A2661 /* Pods-ASDKTest.release.xcconfig */;
			buildSettings = {
				ASSETCATALOG_COMPILER_APPICON_NAME = AppIcon;
				INFOPLIST_FILE = ASDKTest/Info.plist;
				LD_RUNPATH_SEARCH_PATHS = "$(inherited) @executable_path/Frameworks";
				PRODUCT_BUNDLE_IDENTIFIER = com.test.ASDKTest;
				PRODUCT_NAME = "$(TARGET_NAME)";
			};
			name = Release;
		};
/* End XCBuildConfiguration section */

/* Begin XCConfigurationList section */
		986F55BC1D01A0EF0095B6F4 /* Build configuration list for PBXProject "ASDKTest" */ = {
			isa = XCConfigurationList;
			buildConfigurations = (
				986F55D11D01A0EF0095B6F4 /* Debug */,
				986F55D21D01A0EF0095B6F4 /* Release */,
			);
			defaultConfigurationIsVisible = 0;
			defaultConfigurationName = Release;
		};
		986F55D31D01A0EF0095B6F4 /* Build configuration list for PBXNativeTarget "ASDKTest" */ = {
			isa = XCConfigurationList;
			buildConfigurations = (
				986F55D41D01A0EF0095B6F4 /* Debug */,
				986F55D51D01A0EF0095B6F4 /* Release */,
			);
			defaultConfigurationIsVisible = 0;
			defaultConfigurationName = Release;
		};
/* End XCConfigurationList section */
	};
	rootObject = 986F55B91D01A0EF0095B6F4 /* Project object */;
}
